{
  "name": "jsonpatch-observe",
  "version": "1.0.0",
  "lockfileVersion": 2,
  "requires": true,
  "packages": {
    "": {
      "name": "jsonpatch-observe",
      "version": "1.0.0",
      "license": "MIT",
      "devDependencies": {
        "@types/node": "^20.14.4",
        "typescript": "^5.4.5"
      }
    },
    "node_modules/@types/node": {
      "version": "20.14.4",
      "resolved": "https://registry.npmjs.org/@types/node/-/node-20.14.4.tgz",
      "integrity": "sha512-1ChboN+57suCT2t/f8lwtPY/k3qTpuD/qnqQuYoBg6OQOcPyaw7PiZVdGpaZYAvhDDtqrt0oAaM8+oSu1xsUGw==",
      "dev": true,
      "dependencies": {
        "undici-types": "~5.26.4"
      }
    },
    "node_modules/typescript": {
      "version": "5.4.5",
      "resolved": "https://registry.npmjs.org/typescript/-/typescript-5.4.5.tgz",
      "integrity": "sha512-vcI4UpRgg81oIRUFwR0WSIHKt11nJ7SAVlYNIu+QpqeyXP+gpQJy/Z4+F0aGxSE4MqwjyXvW/TzgkLAx2AGHwQ==",
      "dev": true,
      "bin": {
        "tsc": "bin/tsc",
        "tsserver": "bin/tsserver"
      },
      "engines": {
        "node": ">=14.17"
      }
    },
    "node_modules/undici-types": {
      "version": "5.26.5",
      "resolved": "https://registry.npmjs.org/undici-types/-/undici-types-5.26.5.tgz",
      "integrity": "sha512-JlCMO+ehdEIKqlFxk6IfVoAUVmgz7cU7zD/h9XZ0qzeosSHmUJVOzSQvvYSYWXkFXC+IfLKSIffhv0sVZup6pA==",
      "dev": true
    }
  },
  "dependencies": {
    "@types/node": {
      "version": "20.14.4",
      "resolved": "https://registry.npmjs.org/@types/node/-/node-20.14.4.tgz",
      "integrity": "sha512-1ChboN+57suCT2t/f8lwtPY/k3qTpuD/qnqQuYoBg6OQOcPyaw7PiZVdGpaZYAvhDDtqrt0oAaM8+oSu1xsUGw==",
      "dev": true,
      "requires": {
        "undici-types": "~5.26.4"
      }
    },
    "typescript": {
      "version": "5.4.5",
      "resolved": "https://registry.npmjs.org/typescript/-/typescript-5.4.5.tgz",
      "integrity": "sha512-vcI4UpRgg81oIRUFwR0WSIHKt11nJ7SAVlYNIu+QpqeyXP+gpQJy/Z4+F0aGxSE4MqwjyXvW/TzgkLAx2AGHwQ==",
      "dev": true
    },
    "undici-types": {
      "version": "5.26.5",
      "resolved": "https://registry.npmjs.org/undici-types/-/undici-types-5.26.5.tgz",
      "integrity": "sha512-JlCMO+ehdEIKqlFxk6IfVoAUVmgz7cU7zD/h9XZ0qzeosSHmUJVOzSQvvYSYWXkFXC+IfLKSIffhv0sVZup6pA==",
      "dev": true
    }
  }
}
